
Microsoft Visual Studio Solution File, Format Version 12.00
# Visual Studio Version 17
VisualStudioVersion = 17.4.33403.182
MinimumVisualStudioVersion = 10.0.40219.1
Project("{9A19103F-16F7-4668-BE54-9A1E7A4F7556}") = "GymAndYou", "GymAndYouPROJECT\GymAndYou.csproj", "{B06A9E8F-BCF7-439D-B3A9-B187AC475BF8}"
EndProject
Project("{9A19103F-16F7-4668-BE54-9A1E7A4F7556}") = "GymAndYouTESTS", "GymAndYouTESTS\GymAndYouTESTS.csproj", "{BD4E9204-35D5-480A-B549-09724BE9EAC6}"
EndProject
Global
	GlobalSection(SolutionConfigurationPlatforms) = preSolution
		Debug|Any CPU = Debug|Any CPU
		Release|Any CPU = Release|Any CPU
	EndGlobalSection
	GlobalSection(ProjectConfigurationPlatforms) = postSolution
		{B06A9E8F-BCF7-439D-B3A9-B187AC475BF8}.Debug|Any CPU.ActiveCfg = Debug|Any CPU
		{B06A9E8F-BCF7-439D-B3A9-B187AC475BF8}.Debug|Any CPU.Build.0 = Debug|Any CPU
		{B06A9E8F-BCF7-439D-B3A9-B187AC475BF8}.Release|Any CPU.ActiveCfg = Release|Any CPU
		{B06A9E8F-BCF7-439D-B3A9-B187AC475BF8}.Release|Any CPU.Build.0 = Release|Any CPU
		{BD4E9204-35D5-480A-B549-09724BE9EAC6}.Debug|Any CPU.ActiveCfg = Debug|Any CPU
		{BD4E9204-35D5-480A-B549-09724BE9EAC6}.Debug|Any CPU.Build.0 = Debug|Any CPU
		{BD4E9204-35D5-480A-B549-09724BE9EAC6}.Release|Any CPU.ActiveCfg = Release|Any CPU
		{BD4E9204-35D5-480A-B549-09724BE9EAC6}.Release|Any CPU.Build.0 = Release|Any CPU
	EndGlobalSection
	GlobalSection(SolutionProperties) = preSolution
		HideSolutionNode = FALSE
	EndGlobalSection
	GlobalSection(ExtensibilityGlobals) = postSolution
		SolutionGuid = {8650A38A-7AA1-4980-9B31-A5E263E7E4BD}
	EndGlobalSection
EndGlobal
